// !$*UTF8*$!
{
	archiveVersion = 1;
	classes = {
	};
	objectVersion = 77;
	objects = {

/* Begin PBXBuildFile section */
		B53153602E37960A00F138B5 /* .swiftlint.yml in Resources */ = {isa = PBXBuildFile; fileRef = B531535F2E37960A00F138B5 /* .swiftlint.yml */; };
		B53153632E37965600F138B5 /* RxCocoa in Frameworks */ = {isa = PBXBuildFile; productRef = B53153622E37965600F138B5 /* RxCocoa */; };
		B53153652E37965600F138B5 /* RxRelay in Frameworks */ = {isa = PBXBuildFile; productRef = B53153642E37965600F138B5 /* RxRelay */; };
		B53153672E37965600F138B5 /* RxSwift in Frameworks */ = {isa = PBXBuildFile; productRef = B53153662E37965600F138B5 /* RxSwift */; };
		B531536A2E37966000F138B5 /* ReactorKit in Frameworks */ = {isa = PBXBuildFile; productRef = B53153692E37966000F138B5 /* ReactorKit */; };
		B531536D2E37966A00F138B5 /* Kingfisher in Frameworks */ = {isa = PBXBuildFile; productRef = B531536C2E37966A00F138B5 /* Kingfisher */; };
		B53153702E37967300F138B5 /* SnapKit in Frameworks */ = {isa = PBXBuildFile; productRef = B531536F2E37967300F138B5 /* SnapKit */; };
		B53153732E37967F00F138B5 /* Then in Frameworks */ = {isa = PBXBuildFile; productRef = B53153722E37967F00F138B5 /* Then */; };
		B5A999962E3B46DC00427E0E /* RxCocoa in Frameworks */ = {isa = PBXBuildFile; productRef = B5A999952E3B46DC00427E0E /* RxCocoa */; };
		B5D0E2262E3B33A100EE8749 /* RxSwift in Frameworks */ = {isa = PBXBuildFile; productRef = B5D0E2252E3B33A100EE8749 /* RxSwift */; };
		B5D0E2452E3B432A00EE8749 /* RxBlocking in Frameworks */ = {isa = PBXBuildFile; productRef = B5D0E2442E3B432A00EE8749 /* RxBlocking */; };
/* End PBXBuildFile section */

/* Begin PBXContainerItemProxy section */
		B5D0DF7F2E3B11DD00EE8749 /* PBXContainerItemProxy */ = {
			isa = PBXContainerItemProxy;
			containerPortal = B531533E2E3794A700F138B5 /* Project object */;
			proxyType = 1;
			remoteGlobalIDString = B53153452E3794A700F138B5;
			remoteInfo = iTunesStore;
		};
/* End PBXContainerItemProxy section */

/* Begin PBXCopyFilesBuildPhase section */
		B5D0E2492E3B432F00EE8749 /* Embed Frameworks */ = {
			isa = PBXCopyFilesBuildPhase;
			buildActionMask = 2147483647;
			dstPath = "";
			dstSubfolderSpec = 10;
			files = (
			);
			name = "Embed Frameworks";
			runOnlyForDeploymentPostprocessing = 0;
		};
/* End PBXCopyFilesBuildPhase section */

/* Begin PBXFileReference section */
		B53153462E3794A700F138B5 /* iTunesStore.app */ = {isa = PBXFileReference; explicitFileType = wrapper.application; includeInIndex = 0; path = iTunesStore.app; sourceTree = BUILT_PRODUCTS_DIR; };
		B531535F2E37960A00F138B5 /* .swiftlint.yml */ = {isa = PBXFileReference; lastKnownFileType = text.yaml; path = .swiftlint.yml; sourceTree = "<group>"; };
		B5D0DF7B2E3B11DD00EE8749 /* iTunesStoreTests.xctest */ = {isa = PBXFileReference; explicitFileType = wrapper.cfbundle; includeInIndex = 0; path = iTunesStoreTests.xctest; sourceTree = BUILT_PRODUCTS_DIR; };
/* End PBXFileReference section */

/* Begin PBXFileSystemSynchronizedBuildFileExceptionSet section */
		B53153582E3794A900F138B5 /* Exceptions for "iTunesStore" folder in "iTunesStore" target */ = {
			isa = PBXFileSystemSynchronizedBuildFileExceptionSet;
			membershipExceptions = (
				Info.plist,
			);
			target = B53153452E3794A700F138B5 /* iTunesStore */;
		};
/* End PBXFileSystemSynchronizedBuildFileExceptionSet section */

/* Begin PBXFileSystemSynchronizedRootGroup section */
		B53153482E3794A700F138B5 /* iTunesStore */ = {
			isa = PBXFileSystemSynchronizedRootGroup;
			exceptions = (
				B53153582E3794A900F138B5 /* Exceptions for "iTunesStore" folder in "iTunesStore" target */,
			);
			path = iTunesStore;
			sourceTree = "<group>";
		};
		B5D0DF7C2E3B11DD00EE8749 /* iTunesStoreTests */ = {
			isa = PBXFileSystemSynchronizedRootGroup;
			path = iTunesStoreTests;
			sourceTree = "<group>";
		};
/* End PBXFileSystemSynchronizedRootGroup section */

/* Begin PBXFrameworksBuildPhase section */
		B53153432E3794A700F138B5 /* Frameworks */ = {
			isa = PBXFrameworksBuildPhase;
			buildActionMask = 2147483647;
			files = (
				B53153672E37965600F138B5 /* RxSwift in Frameworks */,
				B53153652E37965600F138B5 /* RxRelay in Frameworks */,
				B531536A2E37966000F138B5 /* ReactorKit in Frameworks */,
				B53153732E37967F00F138B5 /* Then in Frameworks */,
				B53153702E37967300F138B5 /* SnapKit in Frameworks */,
				B53153632E37965600F138B5 /* RxCocoa in Frameworks */,
				B531536D2E37966A00F138B5 /* Kingfisher in Frameworks */,
			);
			runOnlyForDeploymentPostprocessing = 0;
		};
		B5D0DF782E3B11DD00EE8749 /* Frameworks */ = {
			isa = PBXFrameworksBuildPhase;
			buildActionMask = 2147483647;
			files = (
				B5A999962E3B46DC00427E0E /* RxCocoa in Frameworks */,
				B5D0E2262E3B33A100EE8749 /* RxSwift in Frameworks */,
				B5D0E2452E3B432A00EE8749 /* RxBlocking in Frameworks */,
			);
			runOnlyForDeploymentPostprocessing = 0;
		};
/* End PBXFrameworksBuildPhase section */

/* Begin PBXGroup section */
		B531533D2E3794A700F138B5 = {
			isa = PBXGroup;
			children = (
				B531535F2E37960A00F138B5 /* .swiftlint.yml */,
				B53153482E3794A700F138B5 /* iTunesStore */,
				B5D0DF7C2E3B11DD00EE8749 /* iTunesStoreTests */,
				B5D0E2242E3B33A000EE8749 /* Frameworks */,
				B53153472E3794A700F138B5 /* Products */,
			);
			sourceTree = "<group>";
		};
		B53153472E3794A700F138B5 /* Products */ = {
			isa = PBXGroup;
			children = (
				B53153462E3794A700F138B5 /* iTunesStore.app */,
				B5D0DF7B2E3B11DD00EE8749 /* iTunesStoreTests.xctest */,
			);
			name = Products;
			sourceTree = "<group>";
		};
		B5D0E2242E3B33A000EE8749 /* Frameworks */ = {
			isa = PBXGroup;
			children = (
			);
			name = Frameworks;
			sourceTree = "<group>";
		};
/* End PBXGroup section */

/* Begin PBXNativeTarget section */
		B53153452E3794A700F138B5 /* iTunesStore */ = {
			isa = PBXNativeTarget;
			buildConfigurationList = B53153592E3794A900F138B5 /* Build configuration list for PBXNativeTarget "iTunesStore" */;
			buildPhases = (
				B531535E2E3795BF00F138B5 /* SwiftLint Script */,
				B53153422E3794A700F138B5 /* Sources */,
				B53153432E3794A700F138B5 /* Frameworks */,
				B53153442E3794A700F138B5 /* Resources */,
			);
			buildRules = (
			);
			dependencies = (
			);
			fileSystemSynchronizedGroups = (
				B53153482E3794A700F138B5 /* iTunesStore */,
			);
			name = iTunesStore;
			packageProductDependencies = (
				B53153622E37965600F138B5 /* RxCocoa */,
				B53153642E37965600F138B5 /* RxRelay */,
				B53153662E37965600F138B5 /* RxSwift */,
				B53153692E37966000F138B5 /* ReactorKit */,
				B531536C2E37966A00F138B5 /* Kingfisher */,
				B531536F2E37967300F138B5 /* SnapKit */,
				B53153722E37967F00F138B5 /* Then */,
			);
			productName = iTunesStore;
			productReference = B53153462E3794A700F138B5 /* iTunesStore.app */;
			productType = "com.apple.product-type.application";
		};
		B5D0DF7A2E3B11DD00EE8749 /* iTunesStoreTests */ = {
			isa = PBXNativeTarget;
			buildConfigurationList = B5D0DF812E3B11DD00EE8749 /* Build configuration list for PBXNativeTarget "iTunesStoreTests" */;
			buildPhases = (
				B5D0DF772E3B11DD00EE8749 /* Sources */,
				B5D0DF782E3B11DD00EE8749 /* Frameworks */,
				B5D0DF792E3B11DD00EE8749 /* Resources */,
				B5D0E2492E3B432F00EE8749 /* Embed Frameworks */,
			);
			buildRules = (
			);
			dependencies = (
				B5D0DF802E3B11DD00EE8749 /* PBXTargetDependency */,
			);
			fileSystemSynchronizedGroups = (
				B5D0DF7C2E3B11DD00EE8749 /* iTunesStoreTests */,
			);
			name = iTunesStoreTests;
			packageProductDependencies = (
				B5D0E2252E3B33A100EE8749 /* RxSwift */,
				B5D0E2442E3B432A00EE8749 /* RxBlocking */,
				B5A999952E3B46DC00427E0E /* RxCocoa */,
			);
			productName = iTunesStoreTests;
			productReference = B5D0DF7B2E3B11DD00EE8749 /* iTunesStoreTests.xctest */;
			productType = "com.apple.product-type.bundle.unit-test";
		};
/* End PBXNativeTarget section */

/* Begin PBXProject section */
		B531533E2E3794A700F138B5 /* Project object */ = {
			isa = PBXProject;
			attributes = {
				BuildIndependentTargetsInParallel = 1;
				LastSwiftUpdateCheck = 1640;
				LastUpgradeCheck = 1640;
				TargetAttributes = {
					B53153452E3794A700F138B5 = {
						CreatedOnToolsVersion = 16.4;
					};
					B5D0DF7A2E3B11DD00EE8749 = {
						CreatedOnToolsVersion = 16.4;
						TestTargetID = B53153452E3794A700F138B5;
					};
				};
			};
			buildConfigurationList = B53153412E3794A700F138B5 /* Build configuration list for PBXProject "iTunesStore" */;
			developmentRegion = en;
			hasScannedForEncodings = 0;
			knownRegions = (
				en,
				Base,
			);
			mainGroup = B531533D2E3794A700F138B5;
			minimizedProjectReferenceProxies = 1;
			packageReferences = (
				B53153612E37965600F138B5 /* XCRemoteSwiftPackageReference "RxSwift" */,
				B53153682E37966000F138B5 /* XCRemoteSwiftPackageReference "ReactorKit" */,
				B531536B2E37966A00F138B5 /* XCRemoteSwiftPackageReference "Kingfisher" */,
				B531536E2E37967300F138B5 /* XCRemoteSwiftPackageReference "SnapKit" */,
				B53153712E37967F00F138B5 /* XCRemoteSwiftPackageReference "Then" */,
			);
			preferredProjectObjectVersion = 77;
			productRefGroup = B53153472E3794A700F138B5 /* Products */;
			projectDirPath = "";
			projectRoot = "";
			targets = (
				B53153452E3794A700F138B5 /* iTunesStore */,
				B5D0DF7A2E3B11DD00EE8749 /* iTunesStoreTests */,
			);
		};
/* End PBXProject section */

/* Begin PBXResourcesBuildPhase section */
		B53153442E3794A700F138B5 /* Resources */ = {
			isa = PBXResourcesBuildPhase;
			buildActionMask = 2147483647;
			files = (
				B53153602E37960A00F138B5 /* .swiftlint.yml in Resources */,
			);
			runOnlyForDeploymentPostprocessing = 0;
		};
		B5D0DF792E3B11DD00EE8749 /* Resources */ = {
			isa = PBXResourcesBuildPhase;
			buildActionMask = 2147483647;
			files = (
			);
			runOnlyForDeploymentPostprocessing = 0;
		};
/* End PBXResourcesBuildPhase section */

/* Begin PBXShellScriptBuildPhase section */
		B531535E2E3795BF00F138B5 /* SwiftLint Script */ = {
			isa = PBXShellScriptBuildPhase;
			alwaysOutOfDate = 1;
			buildActionMask = 2147483647;
			files = (
			);
			inputFileListPaths = (
			);
			inputPaths = (
			);
			name = "SwiftLint Script";
			outputFileListPaths = (
			);
			outputPaths = (
			);
			runOnlyForDeploymentPostprocessing = 0;
			shellPath = /bin/sh;
			shellScript = "# Type a script or drag a script file from your workspace to insert its path.\nif [[ \"$(uname -m)\" == arm64 ]]; then\n    export PATH=\"/opt/homebrew/bin:$PATH\"\nfi\n\nif which swiftlint > /dev/null; then\n  swiftlint\nelse\n  echo \"warning: SwiftLint not installed, download from https://github.com/realm/SwiftLint\"\nfi\n";
		};
/* End PBXShellScriptBuildPhase section */

/* Begin PBXSourcesBuildPhase section */
		B53153422E3794A700F138B5 /* Sources */ = {
			isa = PBXSourcesBuildPhase;
			buildActionMask = 2147483647;
			files = (
			);
			runOnlyForDeploymentPostprocessing = 0;
		};
		B5D0DF772E3B11DD00EE8749 /* Sources */ = {
			isa = PBXSourcesBuildPhase;
			buildActionMask = 2147483647;
			files = (
			);
			runOnlyForDeploymentPostprocessing = 0;
		};
/* End PBXSourcesBuildPhase section */

/* Begin PBXTargetDependency section */
		B5D0DF802E3B11DD00EE8749 /* PBXTargetDependency */ = {
			isa = PBXTargetDependency;
			target = B53153452E3794A700F138B5 /* iTunesStore */;
			targetProxy = B5D0DF7F2E3B11DD00EE8749 /* PBXContainerItemProxy */;
		};
/* End PBXTargetDependency section */

/* Begin XCBuildConfiguration section */
		B531535A2E3794A900F138B5 /* Debug */ = {
			isa = XCBuildConfiguration;
			buildSettings = {
				ASSETCATALOG_COMPILER_APPICON_NAME = AppIcon;
				ASSETCATALOG_COMPILER_GLOBAL_ACCENT_COLOR_NAME = AccentColor;
				CODE_SIGN_STYLE = Automatic;
				CURRENT_PROJECT_VERSION = 1;
				DEVELOPMENT_TEAM = 2WSJ3W54FF;
				ENABLE_USER_SCRIPT_SANDBOXING = NO;
				GENERATE_INFOPLIST_FILE = YES;
				INFOPLIST_FILE = iTunesStore/Info.plist;
				INFOPLIST_KEY_UIApplicationSupportsIndirectInputEvents = YES;
				INFOPLIST_KEY_UILaunchStoryboardName = LaunchScreen;
				INFOPLIST_KEY_UISupportedInterfaceOrientations_iPad = "UIInterfaceOrientationPortrait UIInterfaceOrientationPortraitUpsideDown UIInterfaceOrientationLandscapeLeft UIInterfaceOrientationLandscapeRight";
				INFOPLIST_KEY_UISupportedInterfaceOrientations_iPhone = "UIInterfaceOrientationPortrait UIInterfaceOrientationLandscapeLeft UIInterfaceOrientationLandscapeRight";
				IPHONEOS_DEPLOYMENT_TARGET = 15.6;
				LD_RUNPATH_SEARCH_PATHS = (
					"$(inherited)",
					"@executable_path/Frameworks",
				);
				MARKETING_VERSION = 1.0;
				PRODUCT_BUNDLE_IDENTIFIER = com.sophia.iTunesStore;
				PRODUCT_NAME = "$(TARGET_NAME)";
				SUPPORTED_PLATFORMS = "iphoneos iphonesimulator";
				SUPPORTS_MACCATALYST = NO;
				SUPPORTS_MAC_DESIGNED_FOR_IPHONE_IPAD = NO;
				SUPPORTS_XR_DESIGNED_FOR_IPHONE_IPAD = NO;
				SWIFT_EMIT_LOC_STRINGS = YES;
				SWIFT_VERSION = 5.0;
				TARGETED_DEVICE_FAMILY = "1,2";
			};
			name = Debug;
		};
		B531535B2E3794A900F138B5 /* Release */ = {
			isa = XCBuildConfiguration;
			buildSettings = {
				ASSETCATALOG_COMPILER_APPICON_NAME = AppIcon;
				ASSETCATALOG_COMPILER_GLOBAL_ACCENT_COLOR_NAME = AccentColor;
				CODE_SIGN_STYLE = Automatic;
				CURRENT_PROJECT_VERSION = 1;
				DEVELOPMENT_TEAM = 2WSJ3W54FF;
				ENABLE_USER_SCRIPT_SANDBOXING = NO;
				GENERATE_INFOPLIST_FILE = YES;
				INFOPLIST_FILE = iTunesStore/Info.plist;
				INFOPLIST_KEY_UIApplicationSupportsIndirectInputEvents = YES;
				INFOPLIST_KEY_UILaunchStoryboardName = LaunchScreen;
				INFOPLIST_KEY_UISupportedInterfaceOrientations_iPad = "UIInterfaceOrientationPortrait UIInterfaceOrientationPortraitUpsideDown UIInterfaceOrientationLandscapeLeft UIInterfaceOrientationLandscapeRight";
				INFOPLIST_KEY_UISupportedInterfaceOrientations_iPhone = "UIInterfaceOrientationPortrait UIInterfaceOrientationLandscapeLeft UIInterfaceOrientationLandscapeRight";
				IPHONEOS_DEPLOYMENT_TARGET = 15.6;
				LD_RUNPATH_SEARCH_PATHS = (
					"$(inherited)",
					"@executable_path/Frameworks",
				);
				MARKETING_VERSION = 1.0;
				PRODUCT_BUNDLE_IDENTIFIER = com.sophia.iTunesStore;
				PRODUCT_NAME = "$(TARGET_NAME)";
				SUPPORTED_PLATFORMS = "iphoneos iphonesimulator";
				SUPPORTS_MACCATALYST = NO;
				SUPPORTS_MAC_DESIGNED_FOR_IPHONE_IPAD = NO;
				SUPPORTS_XR_DESIGNED_FOR_IPHONE_IPAD = NO;
				SWIFT_EMIT_LOC_STRINGS = YES;
				SWIFT_VERSION = 5.0;
				TARGETED_DEVICE_FAMILY = "1,2";
			};
			name = Release;
		};
		B531535C2E3794A900F138B5 /* Debug */ = {
			isa = XCBuildConfiguration;
			buildSettings = {
				ALWAYS_SEARCH_USER_PATHS = NO;
				ASSETCATALOG_COMPILER_GENERATE_SWIFT_ASSET_SYMBOL_EXTENSIONS = YES;
				CLANG_ANALYZER_NONNULL = YES;
				CLANG_ANALYZER_NUMBER_OBJECT_CONVERSION = YES_AGGRESSIVE;
				CLANG_CXX_LANGUAGE_STANDARD = "gnu++20";
				CLANG_ENABLE_MODULES = YES;
				CLANG_ENABLE_OBJC_ARC = YES;
				CLANG_ENABLE_OBJC_WEAK = YES;
				CLANG_WARN_BLOCK_CAPTURE_AUTORELEASING = YES;
				CLANG_WARN_BOOL_CONVERSION = YES;
				CLANG_WARN_COMMA = YES;
				CLANG_WARN_CONSTANT_CONVERSION = YES;
				CLANG_WARN_DEPRECATED_OBJC_IMPLEMENTATIONS = YES;
				CLANG_WARN_DIRECT_OBJC_ISA_USAGE = YES_ERROR;
				CLANG_WARN_DOCUMENTATION_COMMENTS = YES;
				CLANG_WARN_EMPTY_BODY = YES;
				CLANG_WARN_ENUM_CONVERSION = YES;
				CLANG_WARN_INFINITE_RECURSION = YES;
				CLANG_WARN_INT_CONVERSION = YES;
				CLANG_WARN_NON_LITERAL_NULL_CONVERSION = YES;
				CLANG_WARN_OBJC_IMPLICIT_RETAIN_SELF = YES;
				CLANG_WARN_OBJC_LITERAL_CONVERSION = YES;
				CLANG_WARN_OBJC_ROOT_CLASS = YES_ERROR;
				CLANG_WARN_QUOTED_INCLUDE_IN_FRAMEWORK_HEADER = YES;
				CLANG_WARN_RANGE_LOOP_ANALYSIS = YES;
				CLANG_WARN_STRICT_PROTOTYPES = YES;
				CLANG_WARN_SUSPICIOUS_MOVE = YES;
				CLANG_WARN_UNGUARDED_AVAILABILITY = YES_AGGRESSIVE;
				CLANG_WARN_UNREACHABLE_CODE = YES;
				CLANG_WARN__DUPLICATE_METHOD_MATCH = YES;
				COPY_PHASE_STRIP = NO;
				DEBUG_INFORMATION_FORMAT = dwarf;
				DEVELOPMENT_TEAM = 2WSJ3W54FF;
				ENABLE_STRICT_OBJC_MSGSEND = YES;
				ENABLE_TESTABILITY = YES;
				ENABLE_USER_SCRIPT_SANDBOXING = YES;
				GCC_C_LANGUAGE_STANDARD = gnu17;
				GCC_DYNAMIC_NO_PIC = NO;
				GCC_NO_COMMON_BLOCKS = YES;
				GCC_OPTIMIZATION_LEVEL = 0;
				GCC_PREPROCESSOR_DEFINITIONS = (
					"DEBUG=1",
					"$(inherited)",
				);
				GCC_WARN_64_TO_32_BIT_CONVERSION = YES;
				GCC_WARN_ABOUT_RETURN_TYPE = YES_ERROR;
				GCC_WARN_UNDECLARED_SELECTOR = YES;
				GCC_WARN_UNINITIALIZED_AUTOS = YES_AGGRESSIVE;
				GCC_WARN_UNUSED_FUNCTION = YES;
				GCC_WARN_UNUSED_VARIABLE = YES;
				IPHONEOS_DEPLOYMENT_TARGET = 18.5;
				LOCALIZATION_PREFERS_STRING_CATALOGS = YES;
				MTL_ENABLE_DEBUG_INFO = INCLUDE_SOURCE;
				MTL_FAST_MATH = YES;
				ONLY_ACTIVE_ARCH = YES;
				SDKROOT = iphoneos;
				SWIFT_ACTIVE_COMPILATION_CONDITIONS = "DEBUG $(inherited)";
				SWIFT_OPTIMIZATION_LEVEL = "-Onone";
			};
			name = Debug;
		};
		B531535D2E3794A900F138B5 /* Release */ = {
			isa = XCBuildConfiguration;
			buildSettings = {
				ALWAYS_SEARCH_USER_PATHS = NO;
				ASSETCATALOG_COMPILER_GENERATE_SWIFT_ASSET_SYMBOL_EXTENSIONS = YES;
				CLANG_ANALYZER_NONNULL = YES;
				CLANG_ANALYZER_NUMBER_OBJECT_CONVERSION = YES_AGGRESSIVE;
				CLANG_CXX_LANGUAGE_STANDARD = "gnu++20";
				CLANG_ENABLE_MODULES = YES;
				CLANG_ENABLE_OBJC_ARC = YES;
				CLANG_ENABLE_OBJC_WEAK = YES;
				CLANG_WARN_BLOCK_CAPTURE_AUTORELEASING = YES;
				CLANG_WARN_BOOL_CONVERSION = YES;
				CLANG_WARN_COMMA = YES;
				CLANG_WARN_CONSTANT_CONVERSION = YES;
				CLANG_WARN_DEPRECATED_OBJC_IMPLEMENTATIONS = YES;
				CLANG_WARN_DIRECT_OBJC_ISA_USAGE = YES_ERROR;
				CLANG_WARN_DOCUMENTATION_COMMENTS = YES;
				CLANG_WARN_EMPTY_BODY = YES;
				CLANG_WARN_ENUM_CONVERSION = YES;
				CLANG_WARN_INFINITE_RECURSION = YES;
				CLANG_WARN_INT_CONVERSION = YES;
				CLANG_WARN_NON_LITERAL_NULL_CONVERSION = YES;
				CLANG_WARN_OBJC_IMPLICIT_RETAIN_SELF = YES;
				CLANG_WARN_OBJC_LITERAL_CONVERSION = YES;
				CLANG_WARN_OBJC_ROOT_CLASS = YES_ERROR;
				CLANG_WARN_QUOTED_INCLUDE_IN_FRAMEWORK_HEADER = YES;
				CLANG_WARN_RANGE_LOOP_ANALYSIS = YES;
				CLANG_WARN_STRICT_PROTOTYPES = YES;
				CLANG_WARN_SUSPICIOUS_MOVE = YES;
				CLANG_WARN_UNGUARDED_AVAILABILITY = YES_AGGRESSIVE;
				CLANG_WARN_UNREACHABLE_CODE = YES;
				CLANG_WARN__DUPLICATE_METHOD_MATCH = YES;
				COPY_PHASE_STRIP = NO;
				DEBUG_INFORMATION_FORMAT = "dwarf-with-dsym";
				DEVELOPMENT_TEAM = 2WSJ3W54FF;
				ENABLE_NS_ASSERTIONS = NO;
				ENABLE_STRICT_OBJC_MSGSEND = YES;
				ENABLE_USER_SCRIPT_SANDBOXING = YES;
				GCC_C_LANGUAGE_STANDARD = gnu17;
				GCC_NO_COMMON_BLOCKS = YES;
				GCC_WARN_64_TO_32_BIT_CONVERSION = YES;
				GCC_WARN_ABOUT_RETURN_TYPE = YES_ERROR;
				GCC_WARN_UNDECLARED_SELECTOR = YES;
				GCC_WARN_UNINITIALIZED_AUTOS = YES_AGGRESSIVE;
				GCC_WARN_UNUSED_FUNCTION = YES;
				GCC_WARN_UNUSED_VARIABLE = YES;
				IPHONEOS_DEPLOYMENT_TARGET = 18.5;
				LOCALIZATION_PREFERS_STRING_CATALOGS = YES;
				MTL_ENABLE_DEBUG_INFO = NO;
				MTL_FAST_MATH = YES;
				SDKROOT = iphoneos;
				SWIFT_COMPILATION_MODE = wholemodule;
				VALIDATE_PRODUCT = YES;
			};
			name = Release;
		};
		B5D0DF822E3B11DD00EE8749 /* Debug */ = {
			isa = XCBuildConfiguration;
			buildSettings = {
				BUNDLE_LOADER = "$(TEST_HOST)";
				CODE_SIGN_STYLE = Automatic;
				CURRENT_PROJECT_VERSION = 1;
				DEVELOPMENT_TEAM = 2WSJ3W54FF;
				GENERATE_INFOPLIST_FILE = YES;
				IPHONEOS_DEPLOYMENT_TARGET = 15.6;
				MARKETING_VERSION = 1.0;
				PRODUCT_BUNDLE_IDENTIFIER = com.sophia.iTunesStoreTests;
				PRODUCT_NAME = "$(TARGET_NAME)";
				SUPPORTED_PLATFORMS = "iphoneos iphonesimulator";
				SUPPORTS_MACCATALYST = NO;
				SUPPORTS_MAC_DESIGNED_FOR_IPHONE_IPAD = NO;
				SUPPORTS_XR_DESIGNED_FOR_IPHONE_IPAD = NO;
				SWIFT_EMIT_LOC_STRINGS = NO;
				SWIFT_VERSION = 5.0;
				TARGETED_DEVICE_FAMILY = "1,2";
				TEST_HOST = "$(BUILT_PRODUCTS_DIR)/iTunesStore.app/$(BUNDLE_EXECUTABLE_FOLDER_PATH)/iTunesStore";
			};
			name = Debug;
		};
		B5D0DF832E3B11DD00EE8749 /* Release */ = {
			isa = XCBuildConfiguration;
			buildSettings = {
				BUNDLE_LOADER = "$(TEST_HOST)";
				CODE_SIGN_STYLE = Automatic;
				CURRENT_PROJECT_VERSION = 1;
				DEVELOPMENT_TEAM = 2WSJ3W54FF;
				GENERATE_INFOPLIST_FILE = YES;
				IPHONEOS_DEPLOYMENT_TARGET = 15.6;
				MARKETING_VERSION = 1.0;
				PRODUCT_BUNDLE_IDENTIFIER = com.sophia.iTunesStoreTests;
				PRODUCT_NAME = "$(TARGET_NAME)";
				SUPPORTED_PLATFORMS = "iphoneos iphonesimulator";
				SUPPORTS_MACCATALYST = NO;
				SUPPORTS_MAC_DESIGNED_FOR_IPHONE_IPAD = NO;
				SUPPORTS_XR_DESIGNED_FOR_IPHONE_IPAD = NO;
				SWIFT_EMIT_LOC_STRINGS = NO;
				SWIFT_VERSION = 5.0;
				TARGETED_DEVICE_FAMILY = "1,2";
				TEST_HOST = "$(BUILT_PRODUCTS_DIR)/iTunesStore.app/$(BUNDLE_EXECUTABLE_FOLDER_PATH)/iTunesStore";
			};
			name = Release;
		};
/* End XCBuildConfiguration section */

/* Begin XCConfigurationList section */
		B53153412E3794A700F138B5 /* Build configuration list for PBXProject "iTunesStore" */ = {
			isa = XCConfigurationList;
			buildConfigurations = (
				B531535C2E3794A900F138B5 /* Debug */,
				B531535D2E3794A900F138B5 /* Release */,
			);
			defaultConfigurationIsVisible = 0;
			defaultConfigurationName = Release;
		};
		B53153592E3794A900F138B5 /* Build configuration list for PBXNativeTarget "iTunesStore" */ = {
			isa = XCConfigurationList;
			buildConfigurations = (
				B531535A2E3794A900F138B5 /* Debug */,
				B531535B2E3794A900F138B5 /* Release */,
			);
			defaultConfigurationIsVisible = 0;
			defaultConfigurationName = Release;
		};
		B5D0DF812E3B11DD00EE8749 /* Build configuration list for PBXNativeTarget "iTunesStoreTests" */ = {
			isa = XCConfigurationList;
			buildConfigurations = (
				B5D0DF822E3B11DD00EE8749 /* Debug */,
				B5D0DF832E3B11DD00EE8749 /* Release */,
			);
			defaultConfigurationIsVisible = 0;
			defaultConfigurationName = Release;
		};
/* End XCConfigurationList section */

/* Begin XCRemoteSwiftPackageReference section */
		B53153612E37965600F138B5 /* XCRemoteSwiftPackageReference "RxSwift" */ = {
			isa = XCRemoteSwiftPackageReference;
			repositoryURL = "https://github.com/ReactiveX/RxSwift.git";
			requirement = {
				kind = upToNextMajorVersion;
				minimumVersion = 6.9.0;
			};
		};
		B53153682E37966000F138B5 /* XCRemoteSwiftPackageReference "ReactorKit" */ = {
			isa = XCRemoteSwiftPackageReference;
			repositoryURL = "https://github.com/ReactorKit/ReactorKit.git";
			requirement = {
				kind = upToNextMajorVersion;
				minimumVersion = 3.2.0;
			};
		};
		B531536B2E37966A00F138B5 /* XCRemoteSwiftPackageReference "Kingfisher" */ = {
			isa = XCRemoteSwiftPackageReference;
			repositoryURL = "https://github.com/onevcat/Kingfisher.git";
			requirement = {
				kind = upToNextMajorVersion;
				minimumVersion = 8.5.0;
			};
		};
		B531536E2E37967300F138B5 /* XCRemoteSwiftPackageReference "SnapKit" */ = {
			isa = XCRemoteSwiftPackageReference;
			repositoryURL = "https://github.com/SnapKit/SnapKit.git";
			requirement = {
				kind = upToNextMajorVersion;
				minimumVersion = 5.7.1;
			};
		};
		B53153712E37967F00F138B5 /* XCRemoteSwiftPackageReference "Then" */ = {
			isa = XCRemoteSwiftPackageReference;
			repositoryURL = "https://github.com/devxoul/Then.git";
			requirement = {
				kind = upToNextMajorVersion;
				minimumVersion = 3.0.0;
			};
		};
/* End XCRemoteSwiftPackageReference section */

/* Begin XCSwiftPackageProductDependency section */
		B53153622E37965600F138B5 /* RxCocoa */ = {
			isa = XCSwiftPackageProductDependency;
			package = B53153612E37965600F138B5 /* XCRemoteSwiftPackageReference "RxSwift" */;
			productName = RxCocoa;
		};
		B53153642E37965600F138B5 /* RxRelay */ = {
			isa = XCSwiftPackageProductDependency;
			package = B53153612E37965600F138B5 /* XCRemoteSwiftPackageReference "RxSwift" */;
			productName = RxRelay;
		};
		B53153662E37965600F138B5 /* RxSwift */ = {
			isa = XCSwiftPackageProductDependency;
			package = B53153612E37965600F138B5 /* XCRemoteSwiftPackageReference "RxSwift" */;
			productName = RxSwift;
		};
		B53153692E37966000F138B5 /* ReactorKit */ = {
			isa = XCSwiftPackageProductDependency;
			package = B53153682E37966000F138B5 /* XCRemoteSwiftPackageReference "ReactorKit" */;
			productName = ReactorKit;
		};
		B531536C2E37966A00F138B5 /* Kingfisher */ = {
			isa = XCSwiftPackageProductDependency;
			package = B531536B2E37966A00F138B5 /* XCRemoteSwiftPackageReference "Kingfisher" */;
			productName = Kingfisher;
		};
		B531536F2E37967300F138B5 /* SnapKit */ = {
			isa = XCSwiftPackageProductDependency;
			package = B531536E2E37967300F138B5 /* XCRemoteSwiftPackageReference "SnapKit" */;
			productName = SnapKit;
		};
		B53153722E37967F00F138B5 /* Then */ = {
			isa = XCSwiftPackageProductDependency;
			package = B53153712E37967F00F138B5 /* XCRemoteSwiftPackageReference "Then" */;
			productName = Then;
		};
		B5A999952E3B46DC00427E0E /* RxCocoa */ = {
			isa = XCSwiftPackageProductDependency;
			package = B53153612E37965600F138B5 /* XCRemoteSwiftPackageReference "RxSwift" */;
			productName = RxCocoa;
		};
		B5D0E2252E3B33A100EE8749 /* RxSwift */ = {
			isa = XCSwiftPackageProductDependency;
			package = B53153612E37965600F138B5 /* XCRemoteSwiftPackageReference "RxSwift" */;
			productName = RxSwift;
		};
		B5D0E2442E3B432A00EE8749 /* RxBlocking */ = {
			isa = XCSwiftPackageProductDependency;
			package = B53153612E37965600F138B5 /* XCRemoteSwiftPackageReference "RxSwift" */;
			productName = RxBlocking;
		};
/* End XCSwiftPackageProductDependency section */
	};
	rootObject = B531533E2E3794A700F138B5 /* Project object */;
}
